
Microsoft Visual Studio Solution File, Format Version 12.00
# Visual Studio Version 17
VisualStudioVersion = 17.14.36511.14
MinimumVisualStudioVersion = 10.0.40219.1
Project("{FAE04EC0-301F-11D3-BF4B-00C04F79EFBC}") = "TrashBinTracker", "TrashBinTracker\TrashBinTracker.csproj", "{48C75280-0760-4FF6-93AB-27B087F6EEB8}"
EndProject
Project("{FAE04EC0-301F-11D3-BF4B-00C04F79EFBC}") = "NootficaionTest", "NootficaionTest\NootficaionTest.csproj", "{FD627107-27FD-45B1-ACE3-BA6649C8E206}"
EndProject
Global
	GlobalSection(SolutionConfigurationPlatforms) = preSolution
		Debug|Any CPU = Debug|Any CPU
		Release|Any CPU = Release|Any CPU
	EndGlobalSection
	GlobalSection(ProjectConfigurationPlatforms) = postSolution
		{48C75280-0760-4FF6-93AB-27B087F6EEB8}.Debug|Any CPU.ActiveCfg = Debug|Any CPU
		{48C75280-0760-4FF6-93AB-27B087F6EEB8}.Debug|Any CPU.Build.0 = Debug|Any CPU
		{48C75280-0760-4FF6-93AB-27B087F6EEB8}.Release|Any CPU.ActiveCfg = Release|Any CPU
		{48C75280-0760-4FF6-93AB-27B087F6EEB8}.Release|Any CPU.Build.0 = Release|Any CPU
		{FD627107-27FD-45B1-ACE3-BA6649C8E206}.Debug|Any CPU.ActiveCfg = Debug|Any CPU
		{FD627107-27FD-45B1-ACE3-BA6649C8E206}.Debug|Any CPU.Build.0 = Debug|Any CPU
		{FD627107-27FD-45B1-ACE3-BA6649C8E206}.Release|Any CPU.ActiveCfg = Release|Any CPU
		{FD627107-27FD-45B1-ACE3-BA6649C8E206}.Release|Any CPU.Build.0 = Release|Any CPU
	EndGlobalSection
	GlobalSection(SolutionProperties) = preSolution
		HideSolutionNode = FALSE
	EndGlobalSection
	GlobalSection(ExtensibilityGlobals) = postSolution
		SolutionGuid = {167B241B-2E50-43F1-8DB3-C157AA45D24C}
	EndGlobalSection
EndGlobal
